// !$*UTF8*$!
{
	archiveVersion = 1;
	classes = {
	};
	objectVersion = 46;
	objects = {

/* Begin PBXBuildFile section */
		563FADE54FC0BE121B25A275 /* Pods_Nextdots_iOS.framework in Frameworks */ = {isa = PBXBuildFile; fileRef = 1211CBDCBF50F17D135AF428 /* Pods_Nextdots_iOS.framework */; };
		AB00D5DF1DF4A9C600AC274F /* AppDelegate.swift in Sources */ = {isa = PBXBuildFile; fileRef = AB00D5DE1DF4A9C600AC274F /* AppDelegate.swift */; };
		AB00D5E11DF4A9C600AC274F /* LoginViewController.swift in Sources */ = {isa = PBXBuildFile; fileRef = AB00D5E01DF4A9C600AC274F /* LoginViewController.swift */; };
		AB00D5E61DF4A9C600AC274F /* Assets.xcassets in Resources */ = {isa = PBXBuildFile; fileRef = AB00D5E51DF4A9C600AC274F /* Assets.xcassets */; };
		AB61D6091DF4D1B700A657B7 /* Main.storyboard in Resources */ = {isa = PBXBuildFile; fileRef = AB61D6081DF4D1B700A657B7 /* Main.storyboard */; };
		AB61D60B1DF4D1CD00A657B7 /* LaunchScreen.storyboard in Resources */ = {isa = PBXBuildFile; fileRef = AB61D60A1DF4D1CD00A657B7 /* LaunchScreen.storyboard */; };
		AB61D6141DF4EAFD00A657B7 /* ProfileViewController.swift in Sources */ = {isa = PBXBuildFile; fileRef = AB61D6131DF4EAFD00A657B7 /* ProfileViewController.swift */; };
		AB61D6161DF4F71700A657B7 /* FavoritesViewController.swift in Sources */ = {isa = PBXBuildFile; fileRef = AB61D6151DF4F71700A657B7 /* FavoritesViewController.swift */; };
		AB61D6181DF5008600A657B7 /* MainTabBarController.swift in Sources */ = {isa = PBXBuildFile; fileRef = AB61D6171DF5008600A657B7 /* MainTabBarController.swift */; };
		AB61D61A1DF52C6600A657B7 /* File in Resources */ = {isa = PBXBuildFile; fileRef = AB61D6191DF52C6600A657B7 /* File */; };
		AB61D61C1DF52C8100A657B7 /* File in Resources */ = {isa = PBXBuildFile; fileRef = AB61D61B1DF52C8100A657B7 /* File */; };
		AB61D61E1DF52C9200A657B7 /* File in Resources */ = {isa = PBXBuildFile; fileRef = AB61D61D1DF52C9200A657B7 /* File */; };
		AB61D6201DF52C9E00A657B7 /* File in Resources */ = {isa = PBXBuildFile; fileRef = AB61D61F1DF52C9E00A657B7 /* File */; };
		AB61D6221DF52CA600A657B7 /* File in Resources */ = {isa = PBXBuildFile; fileRef = AB61D6211DF52CA600A657B7 /* File */; };
		ABD8B45E1DF7257200EDC397 /* Lodging.swift in Sources */ = {isa = PBXBuildFile; fileRef = ABD8B45D1DF7257200EDC397 /* Lodging.swift */; };
/* End PBXBuildFile section */

/* Begin PBXFileReference section */
		1211CBDCBF50F17D135AF428 /* Pods_Nextdots_iOS.framework */ = {isa = PBXFileReference; explicitFileType = wrapper.framework; includeInIndex = 0; path = Pods_Nextdots_iOS.framework; sourceTree = BUILT_PRODUCTS_DIR; };
		3728D8718881A0D85F0F8811 /* Pods-Nextdots iOS.debug.xcconfig */ = {isa = PBXFileReference; includeInIndex = 1; lastKnownFileType = text.xcconfig; name = "Pods-Nextdots iOS.debug.xcconfig"; path = "Pods/Target Support Files/Pods-Nextdots iOS/Pods-Nextdots iOS.debug.xcconfig"; sourceTree = "<group>"; };
		AB00D5DB1DF4A9C600AC274F /* Nextdots iOS.app */ = {isa = PBXFileReference; explicitFileType = wrapper.application; includeInIndex = 0; path = "Nextdots iOS.app"; sourceTree = BUILT_PRODUCTS_DIR; };
		AB00D5DE1DF4A9C600AC274F /* AppDelegate.swift */ = {isa = PBXFileReference; lastKnownFileType = sourcecode.swift; path = AppDelegate.swift; sourceTree = "<group>"; };
		AB00D5E01DF4A9C600AC274F /* LoginViewController.swift */ = {isa = PBXFileReference; lastKnownFileType = sourcecode.swift; path = LoginViewController.swift; sourceTree = "<group>"; };
		AB00D5E51DF4A9C600AC274F /* Assets.xcassets */ = {isa = PBXFileReference; lastKnownFileType = folder.assetcatalog; path = Assets.xcassets; sourceTree = "<group>"; };
		AB00D5EA1DF4A9C600AC274F /* Info.plist */ = {isa = PBXFileReference; lastKnownFileType = text.plist.xml; path = Info.plist; sourceTree = "<group>"; };
		AB61D6081DF4D1B700A657B7 /* Main.storyboard */ = {isa = PBXFileReference; fileEncoding = 4; lastKnownFileType = file.storyboard; path = Main.storyboard; sourceTree = "<group>"; };
		AB61D60A1DF4D1CD00A657B7 /* LaunchScreen.storyboard */ = {isa = PBXFileReference; fileEncoding = 4; lastKnownFileType = file.storyboard; path = LaunchScreen.storyboard; sourceTree = "<group>"; };
		AB61D6131DF4EAFD00A657B7 /* ProfileViewController.swift */ = {isa = PBXFileReference; fileEncoding = 4; lastKnownFileType = sourcecode.swift; path = ProfileViewController.swift; sourceTree = "<group>"; };
		AB61D6151DF4F71700A657B7 /* FavoritesViewController.swift */ = {isa = PBXFileReference; fileEncoding = 4; lastKnownFileType = sourcecode.swift; path = FavoritesViewController.swift; sourceTree = "<group>"; };
		AB61D6171DF5008600A657B7 /* MainTabBarController.swift */ = {isa = PBXFileReference; fileEncoding = 4; lastKnownFileType = sourcecode.swift; path = MainTabBarController.swift; sourceTree = "<group>"; };
		AB61D6191DF52C6600A657B7 /* File */ = {isa = PBXFileReference; fileEncoding = 4; lastKnownFileType = text; path = File; sourceTree = "<group>"; };
		AB61D61B1DF52C8100A657B7 /* File */ = {isa = PBXFileReference; fileEncoding = 4; lastKnownFileType = text; path = File; sourceTree = "<group>"; };
		AB61D61D1DF52C9200A657B7 /* File */ = {isa = PBXFileReference; fileEncoding = 4; lastKnownFileType = text; path = File; sourceTree = "<group>"; };
		AB61D61F1DF52C9E00A657B7 /* File */ = {isa = PBXFileReference; fileEncoding = 4; lastKnownFileType = text; path = File; sourceTree = "<group>"; };
		AB61D6211DF52CA600A657B7 /* File */ = {isa = PBXFileReference; fileEncoding = 4; lastKnownFileType = text; path = File; sourceTree = "<group>"; };
		ABD8B45D1DF7257200EDC397 /* Lodging.swift */ = {isa = PBXFileReference; fileEncoding = 4; lastKnownFileType = sourcecode.swift; path = Lodging.swift; sourceTree = "<group>"; };
		B0F9F476265276DE27AE0380 /* Pods-Nextdots iOS.release.xcconfig */ = {isa = PBXFileReference; includeInIndex = 1; lastKnownFileType = text.xcconfig; name = "Pods-Nextdots iOS.release.xcconfig"; path = "Pods/Target Support Files/Pods-Nextdots iOS/Pods-Nextdots iOS.release.xcconfig"; sourceTree = "<group>"; };
/* End PBXFileReference section */

/* Begin PBXFrameworksBuildPhase section */
		AB00D5D81DF4A9C600AC274F /* Frameworks */ = {
			isa = PBXFrameworksBuildPhase;
			buildActionMask = 2147483647;
			files = (
				563FADE54FC0BE121B25A275 /* Pods_Nextdots_iOS.framework in Frameworks */,
			);
			runOnlyForDeploymentPostprocessing = 0;
		};
/* End PBXFrameworksBuildPhase section */

/* Begin PBXGroup section */
		53702E65743F6ED59D97ADDD /* Frameworks */ = {
			isa = PBXGroup;
			children = (
				1211CBDCBF50F17D135AF428 /* Pods_Nextdots_iOS.framework */,
			);
			name = Frameworks;
			sourceTree = "<group>";
		};
		9A8A3A37694E419A466F1EDD /* Pods */ = {
			isa = PBXGroup;
			children = (
				3728D8718881A0D85F0F8811 /* Pods-Nextdots iOS.debug.xcconfig */,
				B0F9F476265276DE27AE0380 /* Pods-Nextdots iOS.release.xcconfig */,
			);
			name = Pods;
			sourceTree = "<group>";
		};
		AB00D5D21DF4A9C600AC274F = {
			isa = PBXGroup;
			children = (
				AB00D5DD1DF4A9C600AC274F /* Nextdots iOS */,
				AB00D5DC1DF4A9C600AC274F /* Products */,
				9A8A3A37694E419A466F1EDD /* Pods */,
				53702E65743F6ED59D97ADDD /* Frameworks */,
			);
			sourceTree = "<group>";
		};
		AB00D5DC1DF4A9C600AC274F /* Products */ = {
			isa = PBXGroup;
			children = (
				AB00D5DB1DF4A9C600AC274F /* Nextdots iOS.app */,
			);
			name = Products;
			sourceTree = "<group>";
		};
		AB00D5DD1DF4A9C600AC274F /* Nextdots iOS */ = {
			isa = PBXGroup;
			children = (
				AB61D5FE1DF4CDE900A657B7 /* View */,
				AB61D5FF1DF4CE6500A657B7 /* Interator */,
				AB61D6001DF4CE7D00A657B7 /* Presentator */,
				AB61D6011DF4CE9200A657B7 /* Entity */,
				AB61D6021DF4CEAC00A657B7 /* Router */,
				AB61D6031DF4CEBA00A657B7 /* Data Manager */,
				AB61D6041DF4CED700A657B7 /* Service */,
				AB61D6051DF4CEE800A657B7 /* Other */,
				AB00D5E51DF4A9C600AC274F /* Assets.xcassets */,
				AB00D5EA1DF4A9C600AC274F /* Info.plist */,
			);
			path = "Nextdots iOS";
			sourceTree = "<group>";
		};
		AB61D5FE1DF4CDE900A657B7 /* View */ = {
			isa = PBXGroup;
			children = (
				AB61D6061DF4CF3500A657B7 /* Storyboard */,
				AB61D6071DF4CF4700A657B7 /* Xib and Custom Views */,
			);
			path = View;
			sourceTree = "<group>";
		};
		AB61D5FF1DF4CE6500A657B7 /* Interator */ = {
			isa = PBXGroup;
			children = (
				AB61D61B1DF52C8100A657B7 /* File */,
			);
			path = Interator;
			sourceTree = "<group>";
		};
		AB61D6001DF4CE7D00A657B7 /* Presentator */ = {
			isa = PBXGroup;
			children = (
				AB00D5E01DF4A9C600AC274F /* LoginViewController.swift */,
				AB61D6131DF4EAFD00A657B7 /* ProfileViewController.swift */,
				AB61D6151DF4F71700A657B7 /* FavoritesViewController.swift */,
				AB61D6171DF5008600A657B7 /* MainTabBarController.swift */,
			);
			path = Presentator;
			sourceTree = "<group>";
		};
		AB61D6011DF4CE9200A657B7 /* Entity */ = {
			isa = PBXGroup;
			children = (
				ABD8B45D1DF7257200EDC397 /* Lodging.swift */,
			);
			path = Entity;
			sourceTree = "<group>";
		};
		AB61D6021DF4CEAC00A657B7 /* Router */ = {
			isa = PBXGroup;
			children = (
				AB61D61D1DF52C9200A657B7 /* File */,
			);
			path = Router;
			sourceTree = "<group>";
		};
		AB61D6031DF4CEBA00A657B7 /* Data Manager */ = {
			isa = PBXGroup;
			children = (
				AB61D61F1DF52C9E00A657B7 /* File */,
			);
			path = "Data Manager";
			sourceTree = "<group>";
		};
		AB61D6041DF4CED700A657B7 /* Service */ = {
			isa = PBXGroup;
			children = (
				AB61D6211DF52CA600A657B7 /* File */,
			);
			path = Service;
			sourceTree = "<group>";
		};
		AB61D6051DF4CEE800A657B7 /* Other */ = {
			isa = PBXGroup;
			children = (
				AB00D5DE1DF4A9C600AC274F /* AppDelegate.swift */,
			);
			path = Other;
			sourceTree = "<group>";
		};
		AB61D6061DF4CF3500A657B7 /* Storyboard */ = {
			isa = PBXGroup;
			children = (
				AB61D6081DF4D1B700A657B7 /* Main.storyboard */,
				AB61D60A1DF4D1CD00A657B7 /* LaunchScreen.storyboard */,
			);
			path = Storyboard;
			sourceTree = "<group>";
		};
		AB61D6071DF4CF4700A657B7 /* Xib and Custom Views */ = {
			isa = PBXGroup;
			children = (
				AB61D6191DF52C6600A657B7 /* File */,
			);
			path = "Xib and Custom Views";
			sourceTree = "<group>";
		};
/* End PBXGroup section */

/* Begin PBXNativeTarget section */
		AB00D5DA1DF4A9C600AC274F /* Nextdots iOS */ = {
			isa = PBXNativeTarget;
			buildConfigurationList = AB00D5ED1DF4A9C600AC274F /* Build configuration list for PBXNativeTarget "Nextdots iOS" */;
			buildPhases = (
				B9ED50807F148A5394D479D3 /* [CP] Check Pods Manifest.lock */,
				AB00D5D71DF4A9C600AC274F /* Sources */,
				AB00D5D81DF4A9C600AC274F /* Frameworks */,
				AB00D5D91DF4A9C600AC274F /* Resources */,
				BB875F69B5E2E95884B2BD82 /* [CP] Embed Pods Frameworks */,
				7C28EF76BCA5B63E4F3DED49 /* [CP] Copy Pods Resources */,
			);
			buildRules = (
			);
			dependencies = (
			);
			name = "Nextdots iOS";
			productName = "Nextdots iOS";
			productReference = AB00D5DB1DF4A9C600AC274F /* Nextdots iOS.app */;
			productType = "com.apple.product-type.application";
		};
/* End PBXNativeTarget section */

/* Begin PBXProject section */
		AB00D5D31DF4A9C600AC274F /* Project object */ = {
			isa = PBXProject;
			attributes = {
				LastSwiftUpdateCheck = 0800;
				LastUpgradeCheck = 0800;
				ORGANIZATIONNAME = "José Valderrama";
				TargetAttributes = {
					AB00D5DA1DF4A9C600AC274F = {
						CreatedOnToolsVersion = 8.0;
						ProvisioningStyle = Automatic;
					};
				};
			};
			buildConfigurationList = AB00D5D61DF4A9C600AC274F /* Build configuration list for PBXProject "Nextdots iOS" */;
			compatibilityVersion = "Xcode 3.2";
			developmentRegion = English;
			hasScannedForEncodings = 0;
			knownRegions = (
				en,
				Base,
			);
			mainGroup = AB00D5D21DF4A9C600AC274F;
			productRefGroup = AB00D5DC1DF4A9C600AC274F /* Products */;
			projectDirPath = "";
			projectRoot = "";
			targets = (
				AB00D5DA1DF4A9C600AC274F /* Nextdots iOS */,
			);
		};
/* End PBXProject section */

/* Begin PBXResourcesBuildPhase section */
		AB00D5D91DF4A9C600AC274F /* Resources */ = {
			isa = PBXResourcesBuildPhase;
			buildActionMask = 2147483647;
			files = (
				AB61D61A1DF52C6600A657B7 /* File in Resources */,
				AB61D60B1DF4D1CD00A657B7 /* LaunchScreen.storyboard in Resources */,
				AB61D6201DF52C9E00A657B7 /* File in Resources */,
				AB61D61E1DF52C9200A657B7 /* File in Resources */,
				AB61D6221DF52CA600A657B7 /* File in Resources */,
				AB00D5E61DF4A9C600AC274F /* Assets.xcassets in Resources */,
				AB61D6091DF4D1B700A657B7 /* Main.storyboard in Resources */,
				AB61D61C1DF52C8100A657B7 /* File in Resources */,
			);
			runOnlyForDeploymentPostprocessing = 0;
		};
/* End PBXResourcesBuildPhase section */

/* Begin PBXShellScriptBuildPhase section */
		7C28EF76BCA5B63E4F3DED49 /* [CP] Copy Pods Resources */ = {
			isa = PBXShellScriptBuildPhase;
			buildActionMask = 2147483647;
			files = (
			);
			inputPaths = (
			);
			name = "[CP] Copy Pods Resources";
			outputPaths = (
			);
			runOnlyForDeploymentPostprocessing = 0;
			shellPath = /bin/sh;
			shellScript = "\"${SRCROOT}/Pods/Target Support Files/Pods-Nextdots iOS/Pods-Nextdots iOS-resources.sh\"\n";
			showEnvVarsInLog = 0;
		};
		B9ED50807F148A5394D479D3 /* [CP] Check Pods Manifest.lock */ = {
			isa = PBXShellScriptBuildPhase;
			buildActionMask = 2147483647;
			files = (
			);
			inputPaths = (
			);
			name = "[CP] Check Pods Manifest.lock";
			outputPaths = (
			);
			runOnlyForDeploymentPostprocessing = 0;
			shellPath = /bin/sh;
			shellScript = "diff \"${PODS_ROOT}/../Podfile.lock\" \"${PODS_ROOT}/Manifest.lock\" > /dev/null\nif [ $? != 0 ] ; then\n    # print error to STDERR\n    echo \"error: The sandbox is not in sync with the Podfile.lock. Run 'pod install' or update your CocoaPods installation.\" >&2\n    exit 1\nfi\n";
			showEnvVarsInLog = 0;
		};
		BB875F69B5E2E95884B2BD82 /* [CP] Embed Pods Frameworks */ = {
			isa = PBXShellScriptBuildPhase;
			buildActionMask = 2147483647;
			files = (
			);
			inputPaths = (
			);
			name = "[CP] Embed Pods Frameworks";
			outputPaths = (
			);
			runOnlyForDeploymentPostprocessing = 0;
			shellPath = /bin/sh;
			shellScript = "\"${SRCROOT}/Pods/Target Support Files/Pods-Nextdots iOS/Pods-Nextdots iOS-frameworks.sh\"\n";
			showEnvVarsInLog = 0;
		};
/* End PBXShellScriptBuildPhase section */

/* Begin PBXSourcesBuildPhase section */
		AB00D5D71DF4A9C600AC274F /* Sources */ = {
			isa = PBXSourcesBuildPhase;
			buildActionMask = 2147483647;
			files = (
				AB00D5E11DF4A9C600AC274F /* LoginViewController.swift in Sources */,
				AB00D5DF1DF4A9C600AC274F /* AppDelegate.swift in Sources */,
				AB61D6181DF5008600A657B7 /* MainTabBarController.swift in Sources */,
				AB61D6141DF4EAFD00A657B7 /* ProfileViewController.swift in Sources */,
				ABD8B45E1DF7257200EDC397 /* Lodging.swift in Sources */,
				AB61D6161DF4F71700A657B7 /* FavoritesViewController.swift in Sources */,
			);
			runOnlyForDeploymentPostprocessing = 0;
		};
/* End PBXSourcesBuildPhase section */

/* Begin XCBuildConfiguration section */
		AB00D5EB1DF4A9C600AC274F /* Debug */ = {
			isa = XCBuildConfiguration;
			buildSettings = {
				ALWAYS_SEARCH_USER_PATHS = NO;
				CLANG_ANALYZER_NONNULL = YES;
				CLANG_CXX_LANGUAGE_STANDARD = "gnu++0x";
				CLANG_CXX_LIBRARY = "libc++";
				CLANG_ENABLE_MODULES = YES;
				CLANG_ENABLE_OBJC_ARC = YES;
				CLANG_WARN_BOOL_CONVERSION = YES;
				CLANG_WARN_CONSTANT_CONVERSION = YES;
				CLANG_WARN_DIRECT_OBJC_ISA_USAGE = YES_ERROR;
				CLANG_WARN_DOCUMENTATION_COMMENTS = YES;
				CLANG_WARN_EMPTY_BODY = YES;
				CLANG_WARN_ENUM_CONVERSION = YES;
				CLANG_WARN_INFINITE_RECURSION = YES;
				CLANG_WARN_INT_CONVERSION = YES;
				CLANG_WARN_OBJC_ROOT_CLASS = YES_ERROR;
				CLANG_WARN_SUSPICIOUS_MOVES = YES;
				CLANG_WARN_UNREACHABLE_CODE = YES;
				CLANG_WARN__DUPLICATE_METHOD_MATCH = YES;
				"CODE_SIGN_IDENTITY[sdk=iphoneos*]" = "iPhone Developer";
				COPY_PHASE_STRIP = NO;
				DEBUG_INFORMATION_FORMAT = dwarf;
				ENABLE_STRICT_OBJC_MSGSEND = YES;
				ENABLE_TESTABILITY = YES;
				GCC_C_LANGUAGE_STANDARD = gnu99;
				GCC_DYNAMIC_NO_PIC = NO;
				GCC_NO_COMMON_BLOCKS = YES;
				GCC_OPTIMIZATION_LEVEL = 0;
				GCC_PREPROCESSOR_DEFINITIONS = (
					"DEBUG=1",
					"$(inherited)",
				);
				GCC_WARN_64_TO_32_BIT_CONVERSION = YES;
				GCC_WARN_ABOUT_RETURN_TYPE = YES_ERROR;
				GCC_WARN_UNDECLARED_SELECTOR = YES;
				GCC_WARN_UNINITIALIZED_AUTOS = YES_AGGRESSIVE;
				GCC_WARN_UNUSED_FUNCTION = YES;
				GCC_WARN_UNUSED_VARIABLE = YES;
				IPHONEOS_DEPLOYMENT_TARGET = 10.0;
				MTL_ENABLE_DEBUG_INFO = YES;
				ONLY_ACTIVE_ARCH = YES;
				SDKROOT = iphoneos;
				SWIFT_ACTIVE_COMPILATION_CONDITIONS = DEBUG;
				SWIFT_OPTIMIZATION_LEVEL = "-Onone";
				TARGETED_DEVICE_FAMILY = "1,2";
			};
			name = Debug;
		};
		AB00D5EC1DF4A9C600AC274F /* Release */ = {
			isa = XCBuildConfiguration;
			buildSettings = {
				ALWAYS_SEARCH_USER_PATHS = NO;
				CLANG_ANALYZER_NONNULL = YES;
				CLANG_CXX_LANGUAGE_STANDARD = "gnu++0x";
				CLANG_CXX_LIBRARY = "libc++";
				CLANG_ENABLE_MODULES = YES;
				CLANG_ENABLE_OBJC_ARC = YES;
				CLANG_WARN_BOOL_CONVERSION = YES;
				CLANG_WARN_CONSTANT_CONVERSION = YES;
				CLANG_WARN_DIRECT_OBJC_ISA_USAGE = YES_ERROR;
				CLANG_WARN_DOCUMENTATION_COMMENTS = YES;
				CLANG_WARN_EMPTY_BODY = YES;
				CLANG_WARN_ENUM_CONVERSION = YES;
				CLANG_WARN_INFINITE_RECURSION = YES;
				CLANG_WARN_INT_CONVERSION = YES;
				CLANG_WARN_OBJC_ROOT_CLASS = YES_ERROR;
				CLANG_WARN_SUSPICIOUS_MOVES = YES;
				CLANG_WARN_UNREACHABLE_CODE = YES;
				CLANG_WARN__DUPLICATE_METHOD_MATCH = YES;
				"CODE_SIGN_IDENTITY[sdk=iphoneos*]" = "iPhone Developer";
				COPY_PHASE_STRIP = NO;
				DEBUG_INFORMATION_FORMAT = "dwarf-with-dsym";
				ENABLE_NS_ASSERTIONS = NO;
				ENABLE_STRICT_OBJC_MSGSEND = YES;
				GCC_C_LANGUAGE_STANDARD = gnu99;
				GCC_NO_COMMON_BLOCKS = YES;
				GCC_WARN_64_TO_32_BIT_CONVERSION = YES;
				GCC_WARN_ABOUT_RETURN_TYPE = YES_ERROR;
				GCC_WARN_UNDECLARED_SELECTOR = YES;
				GCC_WARN_UNINITIALIZED_AUTOS = YES_AGGRESSIVE;
				GCC_WARN_UNUSED_FUNCTION = YES;
				GCC_WARN_UNUSED_VARIABLE = YES;
				IPHONEOS_DEPLOYMENT_TARGET = 10.0;
				MTL_ENABLE_DEBUG_INFO = NO;
				SDKROOT = iphoneos;
				SWIFT_OPTIMIZATION_LEVEL = "-Owholemodule";
				TARGETED_DEVICE_FAMILY = "1,2";
				VALIDATE_PRODUCT = YES;
			};
			name = Release;
		};
		AB00D5EE1DF4A9C600AC274F /* Debug */ = {
			isa = XCBuildConfiguration;
			baseConfigurationReference = 3728D8718881A0D85F0F8811 /* Pods-Nextdots iOS.debug.xcconfig */;
			buildSettings = {
				ASSETCATALOG_COMPILER_APPICON_NAME = AppIcon;
				INFOPLIST_FILE = "Nextdots iOS/Info.plist";
				IPHONEOS_DEPLOYMENT_TARGET = 8.4;
				LD_RUNPATH_SEARCH_PATHS = "$(inherited) @executable_path/Frameworks";
				PRODUCT_BUNDLE_IDENTIFIER = "com.josevalderrama.Nextdots-iOS";
				PRODUCT_NAME = "$(TARGET_NAME)";
				SWIFT_VERSION = 3.0;
			};
			name = Debug;
		};
		AB00D5EF1DF4A9C600AC274F /* Release */ = {
			isa = XCBuildConfiguration;
			baseConfigurationReference = B0F9F476265276DE27AE0380 /* Pods-Nextdots iOS.release.xcconfig */;
			buildSettings = {
				ASSETCATALOG_COMPILER_APPICON_NAME = AppIcon;
				INFOPLIST_FILE = "Nextdots iOS/Info.plist";
				IPHONEOS_DEPLOYMENT_TARGET = 8.4;
				LD_RUNPATH_SEARCH_PATHS = "$(inherited) @executable_path/Frameworks";
				PRODUCT_BUNDLE_IDENTIFIER = "com.josevalderrama.Nextdots-iOS";
				PRODUCT_NAME = "$(TARGET_NAME)";
				SWIFT_VERSION = 3.0;
			};
			name = Release;
		};
/* End XCBuildConfiguration section */

/* Begin XCConfigurationList section */
		AB00D5D61DF4A9C600AC274F /* Build configuration list for PBXProject "Nextdots iOS" */ = {
			isa = XCConfigurationList;
			buildConfigurations = (
				AB00D5EB1DF4A9C600AC274F /* Debug */,
				AB00D5EC1DF4A9C600AC274F /* Release */,
			);
			defaultConfigurationIsVisible = 0;
			defaultConfigurationName = Release;
		};
		AB00D5ED1DF4A9C600AC274F /* Build configuration list for PBXNativeTarget "Nextdots iOS" */ = {
			isa = XCConfigurationList;
			buildConfigurations = (
				AB00D5EE1DF4A9C600AC274F /* Debug */,
				AB00D5EF1DF4A9C600AC274F /* Release */,
			);
			defaultConfigurationIsVisible = 0;
			defaultConfigurationName = Release;
		};
/* End XCConfigurationList section */
	};
	rootObject = AB00D5D31DF4A9C600AC274F /* Project object */;
}
